
Microsoft Visual Studio Solution File, Format Version 12.00
# Visual Studio 15
VisualStudioVersion = 15.0.28307.1259
MinimumVisualStudioVersion = 10.0.40219.1
Project("{FAE04EC0-301F-11D3-BF4B-00C04F79EFBC}") = "SimpleCRUD", "SimpleCRUD\SimpleCRUD.csproj", "{0773951C-4EC7-4AEB-AA22-C3166F25A704}"
EndProject
Global
	GlobalSection(SolutionConfigurationPlatforms) = preSolution
		Debug|Any CPU = Debug|Any CPU
		Release|Any CPU = Release|Any CPU
	EndGlobalSection
	GlobalSection(ProjectConfigurationPlatforms) = postSolution
		{0773951C-4EC7-4AEB-AA22-C3166F25A704}.Debug|Any CPU.ActiveCfg = Debug|Any CPU
		{0773951C-4EC7-4AEB-AA22-C3166F25A704}.Debug|Any CPU.Build.0 = Debug|Any CPU
		{0773951C-4EC7-4AEB-AA22-C3166F25A704}.Release|Any CPU.ActiveCfg = Release|Any CPU
		{0773951C-4EC7-4AEB-AA22-C3166F25A704}.Release|Any CPU.Build.0 = Release|Any CPU
	EndGlobalSection
	GlobalSection(SolutionProperties) = preSolution
		HideSolutionNode = FALSE
	EndGlobalSection
	GlobalSection(ExtensibilityGlobals) = postSolution
		SolutionGuid = {F3FB71E4-96E8-4826-9892-293DB6CF246E}
	EndGlobalSection
EndGlobal
